{
  "originHash" : "67c5c92f349081032516f392980a44e342d447bc060f07c29cefa2ab123dda78",
  "pins" : [
    {
      "identity" : "matft",
      "kind" : "remoteSourceControl",
      "location" : "https://github.com/jjjkkkjjj/Matft",
      "state" : {
        "revision" : "4436f8664ede5cbfd6c72e1d35c4c0cdd24ef813",
        "version" : "0.3.3"
      }
    },
    {
      "identity" : "swift-collections",
      "kind" : "remoteSourceControl",
      "location" : "https://github.com/apple/swift-collections",
      "state" : {
        "revision" : "94cf62b3ba8d4bed62680a282d4c25f9c63c2efb",
        "version" : "1.1.0"
      }
    },
    {
      "identity" : "swiftplot",
      "kind" : "remoteSourceControl",
      "location" : "https://github.com/KarthikRIyer/swiftplot.git",
      "state" : {
        "revision" : "c5424eb8688217029d44e941d3a1d2ccc18c3a82",
        "version" : "2.0.0"
      }
    }
  ],
  "version" : 3
}
