{
  "originHash" : "adb8acdea08448c065ec0cb0583ae6015db780d0e0ac1c273f4b47a0214a425c",
  "pins" : [
    {
      "identity" : "mlx-swift",
      "kind" : "remoteSourceControl",
      "location" : "https://github.com/ml-explore/mlx-swift",
      "state" : {
        "revision" : "78a7cfe6701d6e9c88e9d4a0d1f7990af84b2146",
        "version" : "0.18.0"
      }
    },
    {
      "identity" : "swift-numerics",
      "kind" : "remoteSourceControl",
      "location" : "https://github.com/apple/swift-numerics",
      "state" : {
        "revision" : "0a5bc04095a675662cf24757cc0640aa2204253b",
        "version" : "1.0.2"
      }
    },
    {
      "identity" : "swift-tqdm",
      "kind" : "remoteSourceControl",
      "location" : "https://github.com/ebraraktas/swift-tqdm.git",
      "state" : {
        "revision" : "71f0a47e1c1149cc486be2e436d7369e90ca4449",
        "version" : "0.1.2"
      }
    }
  ],
  "version" : 3
}
