// !$*UTF8*$!
{
	archiveVersion = 1;
	classes = {
	};
	objectVersion = 56;
	objects = {

/* Begin PBXBuildFile section */
		2A08A9F22BED9A2400E4C2D7 /* extract_data.py in Resources */ = {isa = PBXBuildFile; fileRef = 2A08A9E42BED9A2400E4C2D7 /* extract_data.py */; };
		2A08A9F32BED9A2400E4C2D7 /* mmt_task1_test2016.tar.gz in Resources */ = {isa = PBXBuildFile; fileRef = 2A08A9E52BED9A2400E4C2D7 /* mmt_task1_test2016.tar.gz */; };
		2A08A9F42BED9A2400E4C2D7 /* mmt16_task1_test.tar.gz in Resources */ = {isa = PBXBuildFile; fileRef = 2A08A9E62BED9A2400E4C2D7 /* mmt16_task1_test.tar.gz */; };
		2A08A9F52BED9A2400E4C2D7 /* readme.txt in Resources */ = {isa = PBXBuildFile; fileRef = 2A08A9E72BED9A2400E4C2D7 /* readme.txt */; };
		2A08A9F62BED9A2400E4C2D7 /* test.de in Resources */ = {isa = PBXBuildFile; fileRef = 2A08A9E82BED9A2400E4C2D7 /* test.de */; };
		2A08A9F72BED9A2400E4C2D7 /* test.en in Resources */ = {isa = PBXBuildFile; fileRef = 2A08A9E92BED9A2400E4C2D7 /* test.en */; };
		2A08A9F82BED9A2400E4C2D7 /* test.fr in Resources */ = {isa = PBXBuildFile; fileRef = 2A08A9EA2BED9A2400E4C2D7 /* test.fr */; };
		2A08A9F92BED9A2400E4C2D7 /* train.de in Resources */ = {isa = PBXBuildFile; fileRef = 2A08A9EB2BED9A2400E4C2D7 /* train.de */; };
		2A08A9FA2BED9A2400E4C2D7 /* train.en in Resources */ = {isa = PBXBuildFile; fileRef = 2A08A9EC2BED9A2400E4C2D7 /* train.en */; };
		2A08A9FB2BED9A2400E4C2D7 /* training.tar.gz in Resources */ = {isa = PBXBuildFile; fileRef = 2A08A9ED2BED9A2400E4C2D7 /* training.tar.gz */; };
		2A08A9FC2BED9A2400E4C2D7 /* val.de in Resources */ = {isa = PBXBuildFile; fileRef = 2A08A9EE2BED9A2400E4C2D7 /* val.de */; };
		2A08A9FD2BED9A2400E4C2D7 /* val.en in Resources */ = {isa = PBXBuildFile; fileRef = 2A08A9EF2BED9A2400E4C2D7 /* val.en */; };
		2A08A9FE2BED9A2400E4C2D7 /* validation.tar.gz in Resources */ = {isa = PBXBuildFile; fileRef = 2A08A9F02BED9A2400E4C2D7 /* validation.tar.gz */; };
		2A1EF4482C62A7DF00C17B25 /* MLX in Frameworks */ = {isa = PBXBuildFile; productRef = 2A1EF4472C62A7DF00C17B25 /* MLX */; };
		2A1EF44A2C62A7DF00C17B25 /* MLXFFT in Frameworks */ = {isa = PBXBuildFile; productRef = 2A1EF4492C62A7DF00C17B25 /* MLXFFT */; };
		2A1EF44C2C62A7DF00C17B25 /* MLXFast in Frameworks */ = {isa = PBXBuildFile; productRef = 2A1EF44B2C62A7DF00C17B25 /* MLXFast */; };
		2A1EF44E2C62A7DF00C17B25 /* MLXLinalg in Frameworks */ = {isa = PBXBuildFile; productRef = 2A1EF44D2C62A7DF00C17B25 /* MLXLinalg */; };
		2A1EF4502C62A7DF00C17B25 /* MLXNN in Frameworks */ = {isa = PBXBuildFile; productRef = 2A1EF44F2C62A7DF00C17B25 /* MLXNN */; };
		2A29127E2BDEC183008A505C /* swift_transformerApp.swift in Sources */ = {isa = PBXBuildFile; fileRef = 2A29127D2BDEC183008A505C /* swift_transformerApp.swift */; };
		2A2912802BDEC183008A505C /* ContentView.swift in Sources */ = {isa = PBXBuildFile; fileRef = 2A29127F2BDEC183008A505C /* ContentView.swift */; };
		2A2912822BDEC184008A505C /* Assets.xcassets in Resources */ = {isa = PBXBuildFile; fileRef = 2A2912812BDEC184008A505C /* Assets.xcassets */; };
		2A2912852BDEC184008A505C /* Preview Assets.xcassets in Resources */ = {isa = PBXBuildFile; fileRef = 2A2912842BDEC184008A505C /* Preview Assets.xcassets */; };
		2A2912902BDEC184008A505C /* swift_transformerTests.swift in Sources */ = {isa = PBXBuildFile; fileRef = 2A29128F2BDEC184008A505C /* swift_transformerTests.swift */; };
		2A29129A2BDEC184008A505C /* swift_transformerUITests.swift in Sources */ = {isa = PBXBuildFile; fileRef = 2A2912992BDEC184008A505C /* swift_transformerUITests.swift */; };
		2A29129C2BDEC184008A505C /* swift_transformerUITestsLaunchTests.swift in Sources */ = {isa = PBXBuildFile; fileRef = 2A29129B2BDEC184008A505C /* swift_transformerUITestsLaunchTests.swift */; };
		2A2912AC2BDEC237008A505C /* prepare_data.swift in Sources */ = {isa = PBXBuildFile; fileRef = 2A2912AB2BDEC237008A505C /* prepare_data.swift */; };
		2A3220A02BDFD7BF00739465 /* activations.swift in Sources */ = {isa = PBXBuildFile; fileRef = 2A32209F2BDFD7BF00739465 /* activations.swift */; };
		2A42066A2BEF97AA00F914ED /* dense.swift in Sources */ = {isa = PBXBuildFile; fileRef = 2A4206692BEF97AA00F914ED /* dense.swift */; };
		2A4206702BEFA5F800F914ED /* dropout.swift in Sources */ = {isa = PBXBuildFile; fileRef = 2A42066F2BEFA5F800F914ED /* dropout.swift */; };
		2A4206722BEFA7BA00F914ED /* positional_encoding.swift in Sources */ = {isa = PBXBuildFile; fileRef = 2A4206712BEFA7BA00F914ED /* positional_encoding.swift */; };
		2A4206742BEFB12100F914ED /* self_attention.swift in Sources */ = {isa = PBXBuildFile; fileRef = 2A4206732BEFB12100F914ED /* self_attention.swift */; };
		2A4206762BEFB27100F914ED /* reshape.swift in Sources */ = {isa = PBXBuildFile; fileRef = 2A4206752BEFB27100F914ED /* reshape.swift */; };
		2A46CE872C0A7B610009F1B2 /* operations.swift in Sources */ = {isa = PBXBuildFile; fileRef = 2A46CE862C0A7B610009F1B2 /* operations.swift */; };
		2A59D3222BF0154F00048D26 /* embedding.swift in Sources */ = {isa = PBXBuildFile; fileRef = 2A59D3212BF0154F00048D26 /* embedding.swift */; };
		2A59D3242BF0155A00048D26 /* layer_norm.swift in Sources */ = {isa = PBXBuildFile; fileRef = 2A59D3232BF0155A00048D26 /* layer_norm.swift */; };
		2A59D3262BF0157A00048D26 /* decoder_layer.swift in Sources */ = {isa = PBXBuildFile; fileRef = 2A59D3252BF0157A00048D26 /* decoder_layer.swift */; };
		2A59D3282BF0158300048D26 /* encoder_layer.swift in Sources */ = {isa = PBXBuildFile; fileRef = 2A59D3272BF0158300048D26 /* encoder_layer.swift */; };
		2A59D32A2BF015A200048D26 /* positionwise_feed_forward.swift in Sources */ = {isa = PBXBuildFile; fileRef = 2A59D3292BF015A200048D26 /* positionwise_feed_forward.swift */; };
		2AB0D84C2C73D4E400E99AFD /* Tqdm in Frameworks */ = {isa = PBXBuildFile; productRef = 2AB0D84B2C73D4E400E99AFD /* Tqdm */; };
		2ABF1CA92BE048B000C700DD /* losses.swift in Sources */ = {isa = PBXBuildFile; fileRef = 2ABF1CA82BE048B000C700DD /* losses.swift */; };
		2ABF1CAB2BE0582100C700DD /* optimizers.swift in Sources */ = {isa = PBXBuildFile; fileRef = 2ABF1CAA2BE0582100C700DD /* optimizers.swift */; };
		2ABF1CAD2BE0613900C700DD /* transformer.swift in Sources */ = {isa = PBXBuildFile; fileRef = 2ABF1CAC2BE0613900C700DD /* transformer.swift */; };
		2AE3D9BE2BDED44F006AC004 /* decoder.swift in Sources */ = {isa = PBXBuildFile; fileRef = 2AE3D9BD2BDED44F006AC004 /* decoder.swift */; };
		2AE3D9C02BDEFFBC006AC004 /* encoder.swift in Sources */ = {isa = PBXBuildFile; fileRef = 2AE3D9BF2BDEFFBC006AC004 /* encoder.swift */; };
/* End PBXBuildFile section */

/* Begin PBXContainerItemProxy section */
		2A29128C2BDEC184008A505C /* PBXContainerItemProxy */ = {
			isa = PBXContainerItemProxy;
			containerPortal = 2A2912722BDEC183008A505C /* Project object */;
			proxyType = 1;
			remoteGlobalIDString = 2A2912792BDEC183008A505C;
			remoteInfo = "swift-transformer";
		};
		2A2912962BDEC184008A505C /* PBXContainerItemProxy */ = {
			isa = PBXContainerItemProxy;
			containerPortal = 2A2912722BDEC183008A505C /* Project object */;
			proxyType = 1;
			remoteGlobalIDString = 2A2912792BDEC183008A505C;
			remoteInfo = "swift-transformer";
		};
/* End PBXContainerItemProxy section */

/* Begin PBXFileReference section */
		2A08A9E42BED9A2400E4C2D7 /* extract_data.py */ = {isa = PBXFileReference; fileEncoding = 4; lastKnownFileType = text.script.python; path = extract_data.py; sourceTree = "<group>"; };
		2A08A9E52BED9A2400E4C2D7 /* mmt_task1_test2016.tar.gz */ = {isa = PBXFileReference; lastKnownFileType = archive.gzip; path = mmt_task1_test2016.tar.gz; sourceTree = "<group>"; };
		2A08A9E62BED9A2400E4C2D7 /* mmt16_task1_test.tar.gz */ = {isa = PBXFileReference; lastKnownFileType = archive.gzip; path = mmt16_task1_test.tar.gz; sourceTree = "<group>"; };
		2A08A9E72BED9A2400E4C2D7 /* readme.txt */ = {isa = PBXFileReference; fileEncoding = 4; lastKnownFileType = text; path = readme.txt; sourceTree = "<group>"; };
		2A08A9E82BED9A2400E4C2D7 /* test.de */ = {isa = PBXFileReference; fileEncoding = 4; lastKnownFileType = text; path = test.de; sourceTree = "<group>"; };
		2A08A9E92BED9A2400E4C2D7 /* test.en */ = {isa = PBXFileReference; fileEncoding = 4; lastKnownFileType = text; path = test.en; sourceTree = "<group>"; };
		2A08A9EA2BED9A2400E4C2D7 /* test.fr */ = {isa = PBXFileReference; fileEncoding = 4; lastKnownFileType = text; path = test.fr; sourceTree = "<group>"; };
		2A08A9EB2BED9A2400E4C2D7 /* train.de */ = {isa = PBXFileReference; fileEncoding = 4; lastKnownFileType = text; path = train.de; sourceTree = "<group>"; };
		2A08A9EC2BED9A2400E4C2D7 /* train.en */ = {isa = PBXFileReference; fileEncoding = 4; lastKnownFileType = text; path = train.en; sourceTree = "<group>"; };
		2A08A9ED2BED9A2400E4C2D7 /* training.tar.gz */ = {isa = PBXFileReference; lastKnownFileType = archive.gzip; path = training.tar.gz; sourceTree = "<group>"; };
		2A08A9EE2BED9A2400E4C2D7 /* val.de */ = {isa = PBXFileReference; fileEncoding = 4; lastKnownFileType = text; path = val.de; sourceTree = "<group>"; };
		2A08A9EF2BED9A2400E4C2D7 /* val.en */ = {isa = PBXFileReference; fileEncoding = 4; lastKnownFileType = text; path = val.en; sourceTree = "<group>"; };
		2A08A9F02BED9A2400E4C2D7 /* validation.tar.gz */ = {isa = PBXFileReference; lastKnownFileType = archive.gzip; path = validation.tar.gz; sourceTree = "<group>"; };
		2A29127A2BDEC183008A505C /* swift-transformer.app */ = {isa = PBXFileReference; explicitFileType = wrapper.application; includeInIndex = 0; path = "swift-transformer.app"; sourceTree = BUILT_PRODUCTS_DIR; };
		2A29127D2BDEC183008A505C /* swift_transformerApp.swift */ = {isa = PBXFileReference; lastKnownFileType = sourcecode.swift; path = swift_transformerApp.swift; sourceTree = "<group>"; };
		2A29127F2BDEC183008A505C /* ContentView.swift */ = {isa = PBXFileReference; lastKnownFileType = sourcecode.swift; path = ContentView.swift; sourceTree = "<group>"; };
		2A2912812BDEC184008A505C /* Assets.xcassets */ = {isa = PBXFileReference; lastKnownFileType = folder.assetcatalog; path = Assets.xcassets; sourceTree = "<group>"; };
		2A2912842BDEC184008A505C /* Preview Assets.xcassets */ = {isa = PBXFileReference; lastKnownFileType = folder.assetcatalog; path = "Preview Assets.xcassets"; sourceTree = "<group>"; };
		2A2912862BDEC184008A505C /* swift_transformer.entitlements */ = {isa = PBXFileReference; lastKnownFileType = text.plist.entitlements; path = swift_transformer.entitlements; sourceTree = "<group>"; };
		2A29128B2BDEC184008A505C /* swift-transformerTests.xctest */ = {isa = PBXFileReference; explicitFileType = wrapper.cfbundle; includeInIndex = 0; path = "swift-transformerTests.xctest"; sourceTree = BUILT_PRODUCTS_DIR; };
		2A29128F2BDEC184008A505C /* swift_transformerTests.swift */ = {isa = PBXFileReference; lastKnownFileType = sourcecode.swift; path = swift_transformerTests.swift; sourceTree = "<group>"; };
		2A2912952BDEC184008A505C /* swift-transformerUITests.xctest */ = {isa = PBXFileReference; explicitFileType = wrapper.cfbundle; includeInIndex = 0; path = "swift-transformerUITests.xctest"; sourceTree = BUILT_PRODUCTS_DIR; };
		2A2912992BDEC184008A505C /* swift_transformerUITests.swift */ = {isa = PBXFileReference; lastKnownFileType = sourcecode.swift; path = swift_transformerUITests.swift; sourceTree = "<group>"; };
		2A29129B2BDEC184008A505C /* swift_transformerUITestsLaunchTests.swift */ = {isa = PBXFileReference; lastKnownFileType = sourcecode.swift; path = swift_transformerUITestsLaunchTests.swift; sourceTree = "<group>"; };
		2A2912AB2BDEC237008A505C /* prepare_data.swift */ = {isa = PBXFileReference; lastKnownFileType = sourcecode.swift; path = prepare_data.swift; sourceTree = "<group>"; };
		2A32209F2BDFD7BF00739465 /* activations.swift */ = {isa = PBXFileReference; lastKnownFileType = sourcecode.swift; path = activations.swift; sourceTree = "<group>"; };
		2A4206692BEF97AA00F914ED /* dense.swift */ = {isa = PBXFileReference; lastKnownFileType = sourcecode.swift; path = dense.swift; sourceTree = "<group>"; };
		2A42066F2BEFA5F800F914ED /* dropout.swift */ = {isa = PBXFileReference; lastKnownFileType = sourcecode.swift; path = dropout.swift; sourceTree = "<group>"; };
		2A4206712BEFA7BA00F914ED /* positional_encoding.swift */ = {isa = PBXFileReference; lastKnownFileType = sourcecode.swift; path = positional_encoding.swift; sourceTree = "<group>"; };
		2A4206732BEFB12100F914ED /* self_attention.swift */ = {isa = PBXFileReference; lastKnownFileType = sourcecode.swift; path = self_attention.swift; sourceTree = "<group>"; };
		2A4206752BEFB27100F914ED /* reshape.swift */ = {isa = PBXFileReference; lastKnownFileType = sourcecode.swift; path = reshape.swift; sourceTree = "<group>"; };
		2A46CE862C0A7B610009F1B2 /* operations.swift */ = {isa = PBXFileReference; lastKnownFileType = sourcecode.swift; path = operations.swift; sourceTree = "<group>"; };
		2A59D3212BF0154F00048D26 /* embedding.swift */ = {isa = PBXFileReference; lastKnownFileType = sourcecode.swift; path = embedding.swift; sourceTree = "<group>"; };
		2A59D3232BF0155A00048D26 /* layer_norm.swift */ = {isa = PBXFileReference; lastKnownFileType = sourcecode.swift; path = layer_norm.swift; sourceTree = "<group>"; };
		2A59D3252BF0157A00048D26 /* decoder_layer.swift */ = {isa = PBXFileReference; lastKnownFileType = sourcecode.swift; path = decoder_layer.swift; sourceTree = "<group>"; };
		2A59D3272BF0158300048D26 /* encoder_layer.swift */ = {isa = PBXFileReference; lastKnownFileType = sourcecode.swift; path = encoder_layer.swift; sourceTree = "<group>"; };
		2A59D3292BF015A200048D26 /* positionwise_feed_forward.swift */ = {isa = PBXFileReference; lastKnownFileType = sourcecode.swift; path = positionwise_feed_forward.swift; sourceTree = "<group>"; };
		2ABF1CA82BE048B000C700DD /* losses.swift */ = {isa = PBXFileReference; lastKnownFileType = sourcecode.swift; path = losses.swift; sourceTree = "<group>"; };
		2ABF1CAA2BE0582100C700DD /* optimizers.swift */ = {isa = PBXFileReference; lastKnownFileType = sourcecode.swift; path = optimizers.swift; sourceTree = "<group>"; };
		2ABF1CAC2BE0613900C700DD /* transformer.swift */ = {isa = PBXFileReference; lastKnownFileType = sourcecode.swift; path = transformer.swift; sourceTree = "<group>"; };
		2AE3D9BD2BDED44F006AC004 /* decoder.swift */ = {isa = PBXFileReference; lastKnownFileType = sourcecode.swift; path = decoder.swift; sourceTree = "<group>"; };
		2AE3D9BF2BDEFFBC006AC004 /* encoder.swift */ = {isa = PBXFileReference; lastKnownFileType = sourcecode.swift; path = encoder.swift; sourceTree = "<group>"; };
/* End PBXFileReference section */

/* Begin PBXFrameworksBuildPhase section */
		2A2912772BDEC183008A505C /* Frameworks */ = {
			isa = PBXFrameworksBuildPhase;
			buildActionMask = 2147483647;
			files = (
				2A1EF4502C62A7DF00C17B25 /* MLXNN in Frameworks */,
				2A1EF44E2C62A7DF00C17B25 /* MLXLinalg in Frameworks */,
				2A1EF4482C62A7DF00C17B25 /* MLX in Frameworks */,
				2A1EF44C2C62A7DF00C17B25 /* MLXFast in Frameworks */,
				2AB0D84C2C73D4E400E99AFD /* Tqdm in Frameworks */,
				2A1EF44A2C62A7DF00C17B25 /* MLXFFT in Frameworks */,
			);
			runOnlyForDeploymentPostprocessing = 0;
		};
		2A2912882BDEC184008A505C /* Frameworks */ = {
			isa = PBXFrameworksBuildPhase;
			buildActionMask = 2147483647;
			files = (
			);
			runOnlyForDeploymentPostprocessing = 0;
		};
		2A2912922BDEC184008A505C /* Frameworks */ = {
			isa = PBXFrameworksBuildPhase;
			buildActionMask = 2147483647;
			files = (
			);
			runOnlyForDeploymentPostprocessing = 0;
		};
/* End PBXFrameworksBuildPhase section */

/* Begin PBXGroup section */
		2A08A9F12BED9A2400E4C2D7 /* dataset */ = {
			isa = PBXGroup;
			children = (
				2A08A9E42BED9A2400E4C2D7 /* extract_data.py */,
				2A08A9E52BED9A2400E4C2D7 /* mmt_task1_test2016.tar.gz */,
				2A08A9E62BED9A2400E4C2D7 /* mmt16_task1_test.tar.gz */,
				2A08A9E72BED9A2400E4C2D7 /* readme.txt */,
				2A08A9E82BED9A2400E4C2D7 /* test.de */,
				2A08A9E92BED9A2400E4C2D7 /* test.en */,
				2A08A9EA2BED9A2400E4C2D7 /* test.fr */,
				2A08A9EB2BED9A2400E4C2D7 /* train.de */,
				2A08A9EC2BED9A2400E4C2D7 /* train.en */,
				2A08A9ED2BED9A2400E4C2D7 /* training.tar.gz */,
				2A08A9EE2BED9A2400E4C2D7 /* val.de */,
				2A08A9EF2BED9A2400E4C2D7 /* val.en */,
				2A08A9F02BED9A2400E4C2D7 /* validation.tar.gz */,
			);
			path = dataset;
			sourceTree = "<group>";
		};
		2A2912712BDEC183008A505C = {
			isa = PBXGroup;
			children = (
				2A29127C2BDEC183008A505C /* swift-transformer */,
				2A29128E2BDEC184008A505C /* swift-transformerTests */,
				2A2912982BDEC184008A505C /* swift-transformerUITests */,
				2A29127B2BDEC183008A505C /* Products */,
				2A74CB3D2C92259E00B98059 /* Frameworks */,
			);
			sourceTree = "<group>";
		};
		2A29127B2BDEC183008A505C /* Products */ = {
			isa = PBXGroup;
			children = (
				2A29127A2BDEC183008A505C /* swift-transformer.app */,
				2A29128B2BDEC184008A505C /* swift-transformerTests.xctest */,
				2A2912952BDEC184008A505C /* swift-transformerUITests.xctest */,
			);
			name = Products;
			sourceTree = "<group>";
		};
		2A29127C2BDEC183008A505C /* swift-transformer */ = {
			isa = PBXGroup;
			children = (
				2A08A9F12BED9A2400E4C2D7 /* dataset */,
				2A29127D2BDEC183008A505C /* swift_transformerApp.swift */,
				2A46CE852C0A7B440009F1B2 /* numpy-replacements */,
				2A29127F2BDEC183008A505C /* ContentView.swift */,
				2AE3D9BF2BDEFFBC006AC004 /* encoder.swift */,
				2A2912AB2BDEC237008A505C /* prepare_data.swift */,
				2A32209F2BDFD7BF00739465 /* activations.swift */,
				2ABF1CAC2BE0613900C700DD /* transformer.swift */,
				2ABF1CA82BE048B000C700DD /* losses.swift */,
				2ABF1CAA2BE0582100C700DD /* optimizers.swift */,
				2AE3D9BD2BDED44F006AC004 /* decoder.swift */,
				2A42066B2BEFA56D00F914ED /* layers */,
				2A2912812BDEC184008A505C /* Assets.xcassets */,
				2A2912862BDEC184008A505C /* swift_transformer.entitlements */,
				2A2912832BDEC184008A505C /* Preview Content */,
			);
			path = "swift-transformer";
			sourceTree = "<group>";
		};
		2A2912832BDEC184008A505C /* Preview Content */ = {
			isa = PBXGroup;
			children = (
				2A2912842BDEC184008A505C /* Preview Assets.xcassets */,
			);
			path = "Preview Content";
			sourceTree = "<group>";
		};
		2A29128E2BDEC184008A505C /* swift-transformerTests */ = {
			isa = PBXGroup;
			children = (
				2A29128F2BDEC184008A505C /* swift_transformerTests.swift */,
			);
			path = "swift-transformerTests";
			sourceTree = "<group>";
		};
		2A2912982BDEC184008A505C /* swift-transformerUITests */ = {
			isa = PBXGroup;
			children = (
				2A2912992BDEC184008A505C /* swift_transformerUITests.swift */,
				2A29129B2BDEC184008A505C /* swift_transformerUITestsLaunchTests.swift */,
			);
			path = "swift-transformerUITests";
			sourceTree = "<group>";
		};
		2A42066B2BEFA56D00F914ED /* layers */ = {
			isa = PBXGroup;
			children = (
				2A42066E2BEFA5C000F914ED /* combined */,
				2A42066C2BEFA57C00F914ED /* base */,
			);
			path = layers;
			sourceTree = "<group>";
		};
		2A42066C2BEFA57C00F914ED /* base */ = {
			isa = PBXGroup;
			children = (
				2A4206692BEF97AA00F914ED /* dense.swift */,
				2A4206752BEFB27100F914ED /* reshape.swift */,
				2A42066F2BEFA5F800F914ED /* dropout.swift */,
				2A59D3212BF0154F00048D26 /* embedding.swift */,
				2A59D3232BF0155A00048D26 /* layer_norm.swift */,
			);
			path = base;
			sourceTree = "<group>";
		};
		2A42066E2BEFA5C000F914ED /* combined */ = {
			isa = PBXGroup;
			children = (
				2A4206712BEFA7BA00F914ED /* positional_encoding.swift */,
				2A4206732BEFB12100F914ED /* self_attention.swift */,
				2A59D3252BF0157A00048D26 /* decoder_layer.swift */,
				2A59D3272BF0158300048D26 /* encoder_layer.swift */,
				2A59D3292BF015A200048D26 /* positionwise_feed_forward.swift */,
			);
			path = combined;
			sourceTree = "<group>";
		};
		2A46CE852C0A7B440009F1B2 /* numpy-replacements */ = {
			isa = PBXGroup;
			children = (
				2A46CE862C0A7B610009F1B2 /* operations.swift */,
			);
			path = "numpy-replacements";
			sourceTree = "<group>";
		};
		2A74CB3D2C92259E00B98059 /* Frameworks */ = {
			isa = PBXGroup;
			children = (
			);
			name = Frameworks;
			sourceTree = "<group>";
		};
/* End PBXGroup section */

/* Begin PBXNativeTarget section */
		2A2912792BDEC183008A505C /* swift-transformer */ = {
			isa = PBXNativeTarget;
			buildConfigurationList = 2A29129F2BDEC184008A505C /* Build configuration list for PBXNativeTarget "swift-transformer" */;
			buildPhases = (
				2A2912762BDEC183008A505C /* Sources */,
				2A2912772BDEC183008A505C /* Frameworks */,
				2A2912782BDEC183008A505C /* Resources */,
			);
			buildRules = (
			);
			dependencies = (
			);
			name = "swift-transformer";
			packageProductDependencies = (
				2A1EF4472C62A7DF00C17B25 /* MLX */,
				2A1EF4492C62A7DF00C17B25 /* MLXFFT */,
				2A1EF44B2C62A7DF00C17B25 /* MLXFast */,
				2A1EF44D2C62A7DF00C17B25 /* MLXLinalg */,
				2A1EF44F2C62A7DF00C17B25 /* MLXNN */,
				2AB0D84B2C73D4E400E99AFD /* Tqdm */,
			);
			productName = "swift-transformer";
			productReference = 2A29127A2BDEC183008A505C /* swift-transformer.app */;
			productType = "com.apple.product-type.application";
		};
		2A29128A2BDEC184008A505C /* swift-transformerTests */ = {
			isa = PBXNativeTarget;
			buildConfigurationList = 2A2912A22BDEC184008A505C /* Build configuration list for PBXNativeTarget "swift-transformerTests" */;
			buildPhases = (
				2A2912872BDEC184008A505C /* Sources */,
				2A2912882BDEC184008A505C /* Frameworks */,
				2A2912892BDEC184008A505C /* Resources */,
			);
			buildRules = (
			);
			dependencies = (
				2A29128D2BDEC184008A505C /* PBXTargetDependency */,
			);
			name = "swift-transformerTests";
			productName = "swift-transformerTests";
			productReference = 2A29128B2BDEC184008A505C /* swift-transformerTests.xctest */;
			productType = "com.apple.product-type.bundle.unit-test";
		};
		2A2912942BDEC184008A505C /* swift-transformerUITests */ = {
			isa = PBXNativeTarget;
			buildConfigurationList = 2A2912A52BDEC184008A505C /* Build configuration list for PBXNativeTarget "swift-transformerUITests" */;
			buildPhases = (
				2A2912912BDEC184008A505C /* Sources */,
				2A2912922BDEC184008A505C /* Frameworks */,
				2A2912932BDEC184008A505C /* Resources */,
			);
			buildRules = (
			);
			dependencies = (
				2A2912972BDEC184008A505C /* PBXTargetDependency */,
			);
			name = "swift-transformerUITests";
			productName = "swift-transformerUITests";
			productReference = 2A2912952BDEC184008A505C /* swift-transformerUITests.xctest */;
			productType = "com.apple.product-type.bundle.ui-testing";
		};
/* End PBXNativeTarget section */

/* Begin PBXProject section */
		2A2912722BDEC183008A505C /* Project object */ = {
			isa = PBXProject;
			attributes = {
				BuildIndependentTargetsInParallel = 1;
				LastSwiftUpdateCheck = 1530;
				LastUpgradeCheck = 1530;
				TargetAttributes = {
					2A2912792BDEC183008A505C = {
						CreatedOnToolsVersion = 15.3;
					};
					2A29128A2BDEC184008A505C = {
						CreatedOnToolsVersion = 15.3;
						TestTargetID = 2A2912792BDEC183008A505C;
					};
					2A2912942BDEC184008A505C = {
						CreatedOnToolsVersion = 15.3;
						TestTargetID = 2A2912792BDEC183008A505C;
					};
				};
			};
			buildConfigurationList = 2A2912752BDEC183008A505C /* Build configuration list for PBXProject "swift-transformer" */;
			compatibilityVersion = "Xcode 14.0";
			developmentRegion = en;
			hasScannedForEncodings = 0;
			knownRegions = (
				en,
				Base,
			);
			mainGroup = 2A2912712BDEC183008A505C;
			packageReferences = (
				2A1EF4462C62A7DF00C17B25 /* XCRemoteSwiftPackageReference "mlx-swift" */,
				2AB0D84A2C73D4E400E99AFD /* XCRemoteSwiftPackageReference "swift-tqdm" */,
			);
			productRefGroup = 2A29127B2BDEC183008A505C /* Products */;
			projectDirPath = "";
			projectRoot = "";
			targets = (
				2A2912792BDEC183008A505C /* swift-transformer */,
				2A29128A2BDEC184008A505C /* swift-transformerTests */,
				2A2912942BDEC184008A505C /* swift-transformerUITests */,
			);
		};
/* End PBXProject section */

/* Begin PBXResourcesBuildPhase section */
		2A2912782BDEC183008A505C /* Resources */ = {
			isa = PBXResourcesBuildPhase;
			buildActionMask = 2147483647;
			files = (
				2A08A9FC2BED9A2400E4C2D7 /* val.de in Resources */,
				2A08A9F82BED9A2400E4C2D7 /* test.fr in Resources */,
				2A08A9FD2BED9A2400E4C2D7 /* val.en in Resources */,
				2A08A9F72BED9A2400E4C2D7 /* test.en in Resources */,
				2A08A9F52BED9A2400E4C2D7 /* readme.txt in Resources */,
				2A08A9F92BED9A2400E4C2D7 /* train.de in Resources */,
				2A08A9FA2BED9A2400E4C2D7 /* train.en in Resources */,
				2A2912852BDEC184008A505C /* Preview Assets.xcassets in Resources */,
				2A08A9F22BED9A2400E4C2D7 /* extract_data.py in Resources */,
				2A08A9F32BED9A2400E4C2D7 /* mmt_task1_test2016.tar.gz in Resources */,
				2A2912822BDEC184008A505C /* Assets.xcassets in Resources */,
				2A08A9F42BED9A2400E4C2D7 /* mmt16_task1_test.tar.gz in Resources */,
				2A08A9F62BED9A2400E4C2D7 /* test.de in Resources */,
				2A08A9FE2BED9A2400E4C2D7 /* validation.tar.gz in Resources */,
				2A08A9FB2BED9A2400E4C2D7 /* training.tar.gz in Resources */,
			);
			runOnlyForDeploymentPostprocessing = 0;
		};
		2A2912892BDEC184008A505C /* Resources */ = {
			isa = PBXResourcesBuildPhase;
			buildActionMask = 2147483647;
			files = (
			);
			runOnlyForDeploymentPostprocessing = 0;
		};
		2A2912932BDEC184008A505C /* Resources */ = {
			isa = PBXResourcesBuildPhase;
			buildActionMask = 2147483647;
			files = (
			);
			runOnlyForDeploymentPostprocessing = 0;
		};
/* End PBXResourcesBuildPhase section */

/* Begin PBXSourcesBuildPhase section */
		2A2912762BDEC183008A505C /* Sources */ = {
			isa = PBXSourcesBuildPhase;
			buildActionMask = 2147483647;
			files = (
				2A4206762BEFB27100F914ED /* reshape.swift in Sources */,
				2A4206722BEFA7BA00F914ED /* positional_encoding.swift in Sources */,
				2A2912AC2BDEC237008A505C /* prepare_data.swift in Sources */,
				2A59D3242BF0155A00048D26 /* layer_norm.swift in Sources */,
				2ABF1CAB2BE0582100C700DD /* optimizers.swift in Sources */,
				2A4206702BEFA5F800F914ED /* dropout.swift in Sources */,
				2A59D3282BF0158300048D26 /* encoder_layer.swift in Sources */,
				2A3220A02BDFD7BF00739465 /* activations.swift in Sources */,
				2A2912802BDEC183008A505C /* ContentView.swift in Sources */,
				2AE3D9BE2BDED44F006AC004 /* decoder.swift in Sources */,
				2A59D3222BF0154F00048D26 /* embedding.swift in Sources */,
				2ABF1CA92BE048B000C700DD /* losses.swift in Sources */,
				2A59D3262BF0157A00048D26 /* decoder_layer.swift in Sources */,
				2A59D32A2BF015A200048D26 /* positionwise_feed_forward.swift in Sources */,
				2AE3D9C02BDEFFBC006AC004 /* encoder.swift in Sources */,
				2A42066A2BEF97AA00F914ED /* dense.swift in Sources */,
				2A29127E2BDEC183008A505C /* swift_transformerApp.swift in Sources */,
				2ABF1CAD2BE0613900C700DD /* transformer.swift in Sources */,
				2A4206742BEFB12100F914ED /* self_attention.swift in Sources */,
				2A46CE872C0A7B610009F1B2 /* operations.swift in Sources */,
			);
			runOnlyForDeploymentPostprocessing = 0;
		};
		2A2912872BDEC184008A505C /* Sources */ = {
			isa = PBXSourcesBuildPhase;
			buildActionMask = 2147483647;
			files = (
				2A2912902BDEC184008A505C /* swift_transformerTests.swift in Sources */,
			);
			runOnlyForDeploymentPostprocessing = 0;
		};
		2A2912912BDEC184008A505C /* Sources */ = {
			isa = PBXSourcesBuildPhase;
			buildActionMask = 2147483647;
			files = (
				2A29129C2BDEC184008A505C /* swift_transformerUITestsLaunchTests.swift in Sources */,
				2A29129A2BDEC184008A505C /* swift_transformerUITests.swift in Sources */,
			);
			runOnlyForDeploymentPostprocessing = 0;
		};
/* End PBXSourcesBuildPhase section */

/* Begin PBXTargetDependency section */
		2A29128D2BDEC184008A505C /* PBXTargetDependency */ = {
			isa = PBXTargetDependency;
			target = 2A2912792BDEC183008A505C /* swift-transformer */;
			targetProxy = 2A29128C2BDEC184008A505C /* PBXContainerItemProxy */;
		};
		2A2912972BDEC184008A505C /* PBXTargetDependency */ = {
			isa = PBXTargetDependency;
			target = 2A2912792BDEC183008A505C /* swift-transformer */;
			targetProxy = 2A2912962BDEC184008A505C /* PBXContainerItemProxy */;
		};
/* End PBXTargetDependency section */

/* Begin XCBuildConfiguration section */
		2A29129D2BDEC184008A505C /* Debug */ = {
			isa = XCBuildConfiguration;
			buildSettings = {
				ALWAYS_SEARCH_USER_PATHS = NO;
				ASSETCATALOG_COMPILER_GENERATE_SWIFT_ASSET_SYMBOL_EXTENSIONS = YES;
				CLANG_ANALYZER_NONNULL = YES;
				CLANG_ANALYZER_NUMBER_OBJECT_CONVERSION = YES_AGGRESSIVE;
				CLANG_CXX_LANGUAGE_STANDARD = "gnu++20";
				CLANG_ENABLE_MODULES = YES;
				CLANG_ENABLE_OBJC_ARC = YES;
				CLANG_ENABLE_OBJC_WEAK = YES;
				CLANG_WARN_BLOCK_CAPTURE_AUTORELEASING = YES;
				CLANG_WARN_BOOL_CONVERSION = YES;
				CLANG_WARN_COMMA = YES;
				CLANG_WARN_CONSTANT_CONVERSION = YES;
				CLANG_WARN_DEPRECATED_OBJC_IMPLEMENTATIONS = YES;
				CLANG_WARN_DIRECT_OBJC_ISA_USAGE = YES_ERROR;
				CLANG_WARN_DOCUMENTATION_COMMENTS = YES;
				CLANG_WARN_EMPTY_BODY = YES;
				CLANG_WARN_ENUM_CONVERSION = YES;
				CLANG_WARN_INFINITE_RECURSION = YES;
				CLANG_WARN_INT_CONVERSION = YES;
				CLANG_WARN_NON_LITERAL_NULL_CONVERSION = YES;
				CLANG_WARN_OBJC_IMPLICIT_RETAIN_SELF = YES;
				CLANG_WARN_OBJC_LITERAL_CONVERSION = YES;
				CLANG_WARN_OBJC_ROOT_CLASS = YES_ERROR;
				CLANG_WARN_QUOTED_INCLUDE_IN_FRAMEWORK_HEADER = YES;
				CLANG_WARN_RANGE_LOOP_ANALYSIS = YES;
				CLANG_WARN_STRICT_PROTOTYPES = YES;
				CLANG_WARN_SUSPICIOUS_MOVE = YES;
				CLANG_WARN_UNGUARDED_AVAILABILITY = YES_AGGRESSIVE;
				CLANG_WARN_UNREACHABLE_CODE = YES;
				CLANG_WARN__DUPLICATE_METHOD_MATCH = YES;
				COPY_PHASE_STRIP = NO;
				DEBUG_INFORMATION_FORMAT = dwarf;
				ENABLE_STRICT_OBJC_MSGSEND = YES;
				ENABLE_TESTABILITY = YES;
				ENABLE_USER_SCRIPT_SANDBOXING = YES;
				GCC_C_LANGUAGE_STANDARD = gnu17;
				GCC_DYNAMIC_NO_PIC = NO;
				GCC_NO_COMMON_BLOCKS = YES;
				GCC_OPTIMIZATION_LEVEL = 0;
				GCC_PREPROCESSOR_DEFINITIONS = (
					"DEBUG=1",
					"$(inherited)",
				);
				GCC_WARN_64_TO_32_BIT_CONVERSION = YES;
				GCC_WARN_ABOUT_RETURN_TYPE = YES_ERROR;
				GCC_WARN_UNDECLARED_SELECTOR = YES;
				GCC_WARN_UNINITIALIZED_AUTOS = YES_AGGRESSIVE;
				GCC_WARN_UNUSED_FUNCTION = YES;
				GCC_WARN_UNUSED_VARIABLE = YES;
				LOCALIZATION_PREFERS_STRING_CATALOGS = YES;
				MACOSX_DEPLOYMENT_TARGET = 14.4;
				MTL_ENABLE_DEBUG_INFO = INCLUDE_SOURCE;
				MTL_FAST_MATH = YES;
				ONLY_ACTIVE_ARCH = YES;
				SDKROOT = macosx;
				SWIFT_ACTIVE_COMPILATION_CONDITIONS = "DEBUG $(inherited)";
				SWIFT_OPTIMIZATION_LEVEL = "-Onone";
			};
			name = Debug;
		};
		2A29129E2BDEC184008A505C /* Release */ = {
			isa = XCBuildConfiguration;
			buildSettings = {
				ALWAYS_SEARCH_USER_PATHS = NO;
				ASSETCATALOG_COMPILER_GENERATE_SWIFT_ASSET_SYMBOL_EXTENSIONS = YES;
				CLANG_ANALYZER_NONNULL = YES;
				CLANG_ANALYZER_NUMBER_OBJECT_CONVERSION = YES_AGGRESSIVE;
				CLANG_CXX_LANGUAGE_STANDARD = "gnu++20";
				CLANG_ENABLE_MODULES = YES;
				CLANG_ENABLE_OBJC_ARC = YES;
				CLANG_ENABLE_OBJC_WEAK = YES;
				CLANG_WARN_BLOCK_CAPTURE_AUTORELEASING = YES;
				CLANG_WARN_BOOL_CONVERSION = YES;
				CLANG_WARN_COMMA = YES;
				CLANG_WARN_CONSTANT_CONVERSION = YES;
				CLANG_WARN_DEPRECATED_OBJC_IMPLEMENTATIONS = YES;
				CLANG_WARN_DIRECT_OBJC_ISA_USAGE = YES_ERROR;
				CLANG_WARN_DOCUMENTATION_COMMENTS = YES;
				CLANG_WARN_EMPTY_BODY = YES;
				CLANG_WARN_ENUM_CONVERSION = YES;
				CLANG_WARN_INFINITE_RECURSION = YES;
				CLANG_WARN_INT_CONVERSION = YES;
				CLANG_WARN_NON_LITERAL_NULL_CONVERSION = YES;
				CLANG_WARN_OBJC_IMPLICIT_RETAIN_SELF = YES;
				CLANG_WARN_OBJC_LITERAL_CONVERSION = YES;
				CLANG_WARN_OBJC_ROOT_CLASS = YES_ERROR;
				CLANG_WARN_QUOTED_INCLUDE_IN_FRAMEWORK_HEADER = YES;
				CLANG_WARN_RANGE_LOOP_ANALYSIS = YES;
				CLANG_WARN_STRICT_PROTOTYPES = YES;
				CLANG_WARN_SUSPICIOUS_MOVE = YES;
				CLANG_WARN_UNGUARDED_AVAILABILITY = YES_AGGRESSIVE;
				CLANG_WARN_UNREACHABLE_CODE = YES;
				CLANG_WARN__DUPLICATE_METHOD_MATCH = YES;
				COPY_PHASE_STRIP = NO;
				DEBUG_INFORMATION_FORMAT = "dwarf-with-dsym";
				ENABLE_NS_ASSERTIONS = NO;
				ENABLE_STRICT_OBJC_MSGSEND = YES;
				ENABLE_USER_SCRIPT_SANDBOXING = YES;
				GCC_C_LANGUAGE_STANDARD = gnu17;
				GCC_NO_COMMON_BLOCKS = YES;
				GCC_WARN_64_TO_32_BIT_CONVERSION = YES;
				GCC_WARN_ABOUT_RETURN_TYPE = YES_ERROR;
				GCC_WARN_UNDECLARED_SELECTOR = YES;
				GCC_WARN_UNINITIALIZED_AUTOS = YES_AGGRESSIVE;
				GCC_WARN_UNUSED_FUNCTION = YES;
				GCC_WARN_UNUSED_VARIABLE = YES;
				LOCALIZATION_PREFERS_STRING_CATALOGS = YES;
				MACOSX_DEPLOYMENT_TARGET = 14.4;
				MTL_ENABLE_DEBUG_INFO = NO;
				MTL_FAST_MATH = YES;
				SDKROOT = macosx;
				SWIFT_COMPILATION_MODE = wholemodule;
			};
			name = Release;
		};
		2A2912A02BDEC184008A505C /* Debug */ = {
			isa = XCBuildConfiguration;
			buildSettings = {
				ASSETCATALOG_COMPILER_APPICON_NAME = AppIcon;
				ASSETCATALOG_COMPILER_GLOBAL_ACCENT_COLOR_NAME = AccentColor;
				CODE_SIGN_ENTITLEMENTS = "swift-transformer/swift_transformer.entitlements";
				CODE_SIGN_STYLE = Automatic;
				COMBINE_HIDPI_IMAGES = YES;
				CURRENT_PROJECT_VERSION = 1;
				DEVELOPMENT_ASSET_PATHS = "\"swift-transformer/Preview Content\"";
				DEVELOPMENT_TEAM = MK2V998W66;
				ENABLE_HARDENED_RUNTIME = YES;
				ENABLE_PREVIEWS = YES;
				GENERATE_INFOPLIST_FILE = YES;
				HEADER_SEARCH_PATHS = "";
				INFOPLIST_KEY_NSHumanReadableCopyright = "";
				LD_RUNPATH_SEARCH_PATHS = (
					"$(inherited)",
					"@executable_path/../Frameworks",
				);
				LIBRARY_SEARCH_PATHS = "";
				MARKETING_VERSION = 1.0;
				PRODUCT_BUNDLE_IDENTIFIER = "com.aryamirsepasi.swift-transformer";
				PRODUCT_NAME = "$(TARGET_NAME)";
				SWIFT_EMIT_LOC_STRINGS = YES;
				SWIFT_VERSION = 5.0;
			};
			name = Debug;
		};
		2A2912A12BDEC184008A505C /* Release */ = {
			isa = XCBuildConfiguration;
			buildSettings = {
				ASSETCATALOG_COMPILER_APPICON_NAME = AppIcon;
				ASSETCATALOG_COMPILER_GLOBAL_ACCENT_COLOR_NAME = AccentColor;
				CODE_SIGN_ENTITLEMENTS = "swift-transformer/swift_transformer.entitlements";
				CODE_SIGN_STYLE = Automatic;
				COMBINE_HIDPI_IMAGES = YES;
				CURRENT_PROJECT_VERSION = 1;
				DEVELOPMENT_ASSET_PATHS = "\"swift-transformer/Preview Content\"";
				DEVELOPMENT_TEAM = MK2V998W66;
				ENABLE_HARDENED_RUNTIME = YES;
				ENABLE_PREVIEWS = YES;
				GENERATE_INFOPLIST_FILE = YES;
				HEADER_SEARCH_PATHS = "";
				INFOPLIST_KEY_NSHumanReadableCopyright = "";
				LD_RUNPATH_SEARCH_PATHS = (
					"$(inherited)",
					"@executable_path/../Frameworks",
				);
				LIBRARY_SEARCH_PATHS = "";
				MARKETING_VERSION = 1.0;
				PRODUCT_BUNDLE_IDENTIFIER = "com.aryamirsepasi.swift-transformer";
				PRODUCT_NAME = "$(TARGET_NAME)";
				SWIFT_EMIT_LOC_STRINGS = YES;
				SWIFT_VERSION = 5.0;
			};
			name = Release;
		};
		2A2912A32BDEC184008A505C /* Debug */ = {
			isa = XCBuildConfiguration;
			buildSettings = {
				ALWAYS_EMBED_SWIFT_STANDARD_LIBRARIES = YES;
				BUNDLE_LOADER = "$(TEST_HOST)";
				CODE_SIGN_STYLE = Automatic;
				CURRENT_PROJECT_VERSION = 1;
				DEVELOPMENT_TEAM = MK2V998W66;
				GENERATE_INFOPLIST_FILE = YES;
				MACOSX_DEPLOYMENT_TARGET = 14.4;
				MARKETING_VERSION = 1.0;
				PRODUCT_BUNDLE_IDENTIFIER = "com.aryamirsepasi.swift-transformerTests";
				PRODUCT_NAME = "$(TARGET_NAME)";
				SWIFT_EMIT_LOC_STRINGS = NO;
				SWIFT_VERSION = 5.0;
				TEST_HOST = "$(BUILT_PRODUCTS_DIR)/swift-transformer.app/$(BUNDLE_EXECUTABLE_FOLDER_PATH)/swift-transformer";
			};
			name = Debug;
		};
		2A2912A42BDEC184008A505C /* Release */ = {
			isa = XCBuildConfiguration;
			buildSettings = {
				ALWAYS_EMBED_SWIFT_STANDARD_LIBRARIES = YES;
				BUNDLE_LOADER = "$(TEST_HOST)";
				CODE_SIGN_STYLE = Automatic;
				CURRENT_PROJECT_VERSION = 1;
				DEVELOPMENT_TEAM = MK2V998W66;
				GENERATE_INFOPLIST_FILE = YES;
				MACOSX_DEPLOYMENT_TARGET = 14.4;
				MARKETING_VERSION = 1.0;
				PRODUCT_BUNDLE_IDENTIFIER = "com.aryamirsepasi.swift-transformerTests";
				PRODUCT_NAME = "$(TARGET_NAME)";
				SWIFT_EMIT_LOC_STRINGS = NO;
				SWIFT_VERSION = 5.0;
				TEST_HOST = "$(BUILT_PRODUCTS_DIR)/swift-transformer.app/$(BUNDLE_EXECUTABLE_FOLDER_PATH)/swift-transformer";
			};
			name = Release;
		};
		2A2912A62BDEC184008A505C /* Debug */ = {
			isa = XCBuildConfiguration;
			buildSettings = {
				ALWAYS_EMBED_SWIFT_STANDARD_LIBRARIES = YES;
				CODE_SIGN_STYLE = Automatic;
				CURRENT_PROJECT_VERSION = 1;
				DEVELOPMENT_TEAM = MK2V998W66;
				GENERATE_INFOPLIST_FILE = YES;
				MARKETING_VERSION = 1.0;
				PRODUCT_BUNDLE_IDENTIFIER = "com.aryamirsepasi.swift-transformerUITests";
				PRODUCT_NAME = "$(TARGET_NAME)";
				SWIFT_EMIT_LOC_STRINGS = NO;
				SWIFT_VERSION = 5.0;
				TEST_TARGET_NAME = "swift-transformer";
			};
			name = Debug;
		};
		2A2912A72BDEC184008A505C /* Release */ = {
			isa = XCBuildConfiguration;
			buildSettings = {
				ALWAYS_EMBED_SWIFT_STANDARD_LIBRARIES = YES;
				CODE_SIGN_STYLE = Automatic;
				CURRENT_PROJECT_VERSION = 1;
				DEVELOPMENT_TEAM = MK2V998W66;
				GENERATE_INFOPLIST_FILE = YES;
				MARKETING_VERSION = 1.0;
				PRODUCT_BUNDLE_IDENTIFIER = "com.aryamirsepasi.swift-transformerUITests";
				PRODUCT_NAME = "$(TARGET_NAME)";
				SWIFT_EMIT_LOC_STRINGS = NO;
				SWIFT_VERSION = 5.0;
				TEST_TARGET_NAME = "swift-transformer";
			};
			name = Release;
		};
/* End XCBuildConfiguration section */

/* Begin XCConfigurationList section */
		2A2912752BDEC183008A505C /* Build configuration list for PBXProject "swift-transformer" */ = {
			isa = XCConfigurationList;
			buildConfigurations = (
				2A29129D2BDEC184008A505C /* Debug */,
				2A29129E2BDEC184008A505C /* Release */,
			);
			defaultConfigurationIsVisible = 0;
			defaultConfigurationName = Release;
		};
		2A29129F2BDEC184008A505C /* Build configuration list for PBXNativeTarget "swift-transformer" */ = {
			isa = XCConfigurationList;
			buildConfigurations = (
				2A2912A02BDEC184008A505C /* Debug */,
				2A2912A12BDEC184008A505C /* Release */,
			);
			defaultConfigurationIsVisible = 0;
			defaultConfigurationName = Release;
		};
		2A2912A22BDEC184008A505C /* Build configuration list for PBXNativeTarget "swift-transformerTests" */ = {
			isa = XCConfigurationList;
			buildConfigurations = (
				2A2912A32BDEC184008A505C /* Debug */,
				2A2912A42BDEC184008A505C /* Release */,
			);
			defaultConfigurationIsVisible = 0;
			defaultConfigurationName = Release;
		};
		2A2912A52BDEC184008A505C /* Build configuration list for PBXNativeTarget "swift-transformerUITests" */ = {
			isa = XCConfigurationList;
			buildConfigurations = (
				2A2912A62BDEC184008A505C /* Debug */,
				2A2912A72BDEC184008A505C /* Release */,
			);
			defaultConfigurationIsVisible = 0;
			defaultConfigurationName = Release;
		};
/* End XCConfigurationList section */

/* Begin XCRemoteSwiftPackageReference section */
		2A1EF4462C62A7DF00C17B25 /* XCRemoteSwiftPackageReference "mlx-swift" */ = {
			isa = XCRemoteSwiftPackageReference;
			repositoryURL = "https://github.com/ml-explore/mlx-swift";
			requirement = {
				kind = upToNextMajorVersion;
				minimumVersion = 0.16.0;
			};
		};
		2AB0D84A2C73D4E400E99AFD /* XCRemoteSwiftPackageReference "swift-tqdm" */ = {
			isa = XCRemoteSwiftPackageReference;
			repositoryURL = "https://github.com/ebraraktas/swift-tqdm.git";
			requirement = {
				kind = upToNextMajorVersion;
				minimumVersion = 0.1.2;
			};
		};
/* End XCRemoteSwiftPackageReference section */

/* Begin XCSwiftPackageProductDependency section */
		2A1EF4472C62A7DF00C17B25 /* MLX */ = {
			isa = XCSwiftPackageProductDependency;
			package = 2A1EF4462C62A7DF00C17B25 /* XCRemoteSwiftPackageReference "mlx-swift" */;
			productName = MLX;
		};
		2A1EF4492C62A7DF00C17B25 /* MLXFFT */ = {
			isa = XCSwiftPackageProductDependency;
			package = 2A1EF4462C62A7DF00C17B25 /* XCRemoteSwiftPackageReference "mlx-swift" */;
			productName = MLXFFT;
		};
		2A1EF44B2C62A7DF00C17B25 /* MLXFast */ = {
			isa = XCSwiftPackageProductDependency;
			package = 2A1EF4462C62A7DF00C17B25 /* XCRemoteSwiftPackageReference "mlx-swift" */;
			productName = MLXFast;
		};
		2A1EF44D2C62A7DF00C17B25 /* MLXLinalg */ = {
			isa = XCSwiftPackageProductDependency;
			package = 2A1EF4462C62A7DF00C17B25 /* XCRemoteSwiftPackageReference "mlx-swift" */;
			productName = MLXLinalg;
		};
		2A1EF44F2C62A7DF00C17B25 /* MLXNN */ = {
			isa = XCSwiftPackageProductDependency;
			package = 2A1EF4462C62A7DF00C17B25 /* XCRemoteSwiftPackageReference "mlx-swift" */;
			productName = MLXNN;
		};
		2AB0D84B2C73D4E400E99AFD /* Tqdm */ = {
			isa = XCSwiftPackageProductDependency;
			package = 2AB0D84A2C73D4E400E99AFD /* XCRemoteSwiftPackageReference "swift-tqdm" */;
			productName = Tqdm;
		};
/* End XCSwiftPackageProductDependency section */
	};
	rootObject = 2A2912722BDEC183008A505C /* Project object */;
}
