// !$*UTF8*$!
{
	archiveVersion = 1;
	classes = {
	};
	objectVersion = 56;
	objects = {

/* Begin PBXBuildFile section */
		2A59ED2A2BDBC72800F6A501 /* metal_transformerApp.swift in Sources */ = {isa = PBXBuildFile; fileRef = 2A59ED292BDBC72800F6A501 /* metal_transformerApp.swift */; };
		2A59ED2C2BDBC72800F6A501 /* ContentView.swift in Sources */ = {isa = PBXBuildFile; fileRef = 2A59ED2B2BDBC72800F6A501 /* ContentView.swift */; };
		2A59ED2E2BDBC72900F6A501 /* Assets.xcassets in Resources */ = {isa = PBXBuildFile; fileRef = 2A59ED2D2BDBC72900F6A501 /* Assets.xcassets */; };
		2A59ED312BDBC72900F6A501 /* Preview Assets.xcassets in Resources */ = {isa = PBXBuildFile; fileRef = 2A59ED302BDBC72900F6A501 /* Preview Assets.xcassets */; };
		2A59ED3C2BDBC72900F6A501 /* metal_transformerTests.swift in Sources */ = {isa = PBXBuildFile; fileRef = 2A59ED3B2BDBC72900F6A501 /* metal_transformerTests.swift */; };
		2A59ED462BDBC72900F6A501 /* metal_transformerUITests.swift in Sources */ = {isa = PBXBuildFile; fileRef = 2A59ED452BDBC72900F6A501 /* metal_transformerUITests.swift */; };
		2A59ED482BDBC72900F6A501 /* metal_transformerUITestsLaunchTests.swift in Sources */ = {isa = PBXBuildFile; fileRef = 2A59ED472BDBC72900F6A501 /* metal_transformerUITestsLaunchTests.swift */; };
		2A59ED562BDBC98F00F6A501 /* Matft in Frameworks */ = {isa = PBXBuildFile; productRef = 2A59ED552BDBC98F00F6A501 /* Matft */; };
/* End PBXBuildFile section */

/* Begin PBXContainerItemProxy section */
		2A59ED382BDBC72900F6A501 /* PBXContainerItemProxy */ = {
			isa = PBXContainerItemProxy;
			containerPortal = 2A59ED1E2BDBC72800F6A501 /* Project object */;
			proxyType = 1;
			remoteGlobalIDString = 2A59ED252BDBC72800F6A501;
			remoteInfo = "metal-transformer";
		};
		2A59ED422BDBC72900F6A501 /* PBXContainerItemProxy */ = {
			isa = PBXContainerItemProxy;
			containerPortal = 2A59ED1E2BDBC72800F6A501 /* Project object */;
			proxyType = 1;
			remoteGlobalIDString = 2A59ED252BDBC72800F6A501;
			remoteInfo = "metal-transformer";
		};
/* End PBXContainerItemProxy section */

/* Begin PBXFileReference section */
		2A59ED262BDBC72800F6A501 /* metal-transformer.app */ = {isa = PBXFileReference; explicitFileType = wrapper.application; includeInIndex = 0; path = "metal-transformer.app"; sourceTree = BUILT_PRODUCTS_DIR; };
		2A59ED292BDBC72800F6A501 /* metal_transformerApp.swift */ = {isa = PBXFileReference; lastKnownFileType = sourcecode.swift; path = metal_transformerApp.swift; sourceTree = "<group>"; };
		2A59ED2B2BDBC72800F6A501 /* ContentView.swift */ = {isa = PBXFileReference; lastKnownFileType = sourcecode.swift; path = ContentView.swift; sourceTree = "<group>"; };
		2A59ED2D2BDBC72900F6A501 /* Assets.xcassets */ = {isa = PBXFileReference; lastKnownFileType = folder.assetcatalog; path = Assets.xcassets; sourceTree = "<group>"; };
		2A59ED302BDBC72900F6A501 /* Preview Assets.xcassets */ = {isa = PBXFileReference; lastKnownFileType = folder.assetcatalog; path = "Preview Assets.xcassets"; sourceTree = "<group>"; };
		2A59ED322BDBC72900F6A501 /* metal_transformer.entitlements */ = {isa = PBXFileReference; lastKnownFileType = text.plist.entitlements; path = metal_transformer.entitlements; sourceTree = "<group>"; };
		2A59ED372BDBC72900F6A501 /* metal-transformerTests.xctest */ = {isa = PBXFileReference; explicitFileType = wrapper.cfbundle; includeInIndex = 0; path = "metal-transformerTests.xctest"; sourceTree = BUILT_PRODUCTS_DIR; };
		2A59ED3B2BDBC72900F6A501 /* metal_transformerTests.swift */ = {isa = PBXFileReference; lastKnownFileType = sourcecode.swift; path = metal_transformerTests.swift; sourceTree = "<group>"; };
		2A59ED412BDBC72900F6A501 /* metal-transformerUITests.xctest */ = {isa = PBXFileReference; explicitFileType = wrapper.cfbundle; includeInIndex = 0; path = "metal-transformerUITests.xctest"; sourceTree = BUILT_PRODUCTS_DIR; };
		2A59ED452BDBC72900F6A501 /* metal_transformerUITests.swift */ = {isa = PBXFileReference; lastKnownFileType = sourcecode.swift; path = metal_transformerUITests.swift; sourceTree = "<group>"; };
		2A59ED472BDBC72900F6A501 /* metal_transformerUITestsLaunchTests.swift */ = {isa = PBXFileReference; lastKnownFileType = sourcecode.swift; path = metal_transformerUITestsLaunchTests.swift; sourceTree = "<group>"; };
/* End PBXFileReference section */

/* Begin PBXFrameworksBuildPhase section */
		2A59ED232BDBC72800F6A501 /* Frameworks */ = {
			isa = PBXFrameworksBuildPhase;
			buildActionMask = 2147483647;
			files = (
				2A59ED562BDBC98F00F6A501 /* Matft in Frameworks */,
			);
			runOnlyForDeploymentPostprocessing = 0;
		};
		2A59ED342BDBC72900F6A501 /* Frameworks */ = {
			isa = PBXFrameworksBuildPhase;
			buildActionMask = 2147483647;
			files = (
			);
			runOnlyForDeploymentPostprocessing = 0;
		};
		2A59ED3E2BDBC72900F6A501 /* Frameworks */ = {
			isa = PBXFrameworksBuildPhase;
			buildActionMask = 2147483647;
			files = (
			);
			runOnlyForDeploymentPostprocessing = 0;
		};
/* End PBXFrameworksBuildPhase section */

/* Begin PBXGroup section */
		2A59ED1D2BDBC72800F6A501 = {
			isa = PBXGroup;
			children = (
				2A59ED282BDBC72800F6A501 /* metal-transformer */,
				2A59ED3A2BDBC72900F6A501 /* metal-transformerTests */,
				2A59ED442BDBC72900F6A501 /* metal-transformerUITests */,
				2A59ED272BDBC72800F6A501 /* Products */,
			);
			sourceTree = "<group>";
		};
		2A59ED272BDBC72800F6A501 /* Products */ = {
			isa = PBXGroup;
			children = (
				2A59ED262BDBC72800F6A501 /* metal-transformer.app */,
				2A59ED372BDBC72900F6A501 /* metal-transformerTests.xctest */,
				2A59ED412BDBC72900F6A501 /* metal-transformerUITests.xctest */,
			);
			name = Products;
			sourceTree = "<group>";
		};
		2A59ED282BDBC72800F6A501 /* metal-transformer */ = {
			isa = PBXGroup;
			children = (
				2A59ED292BDBC72800F6A501 /* metal_transformerApp.swift */,
				2A59ED2B2BDBC72800F6A501 /* ContentView.swift */,
				2A59ED2D2BDBC72900F6A501 /* Assets.xcassets */,
				2A59ED322BDBC72900F6A501 /* metal_transformer.entitlements */,
				2A59ED2F2BDBC72900F6A501 /* Preview Content */,
			);
			path = "metal-transformer";
			sourceTree = "<group>";
		};
		2A59ED2F2BDBC72900F6A501 /* Preview Content */ = {
			isa = PBXGroup;
			children = (
				2A59ED302BDBC72900F6A501 /* Preview Assets.xcassets */,
			);
			path = "Preview Content";
			sourceTree = "<group>";
		};
		2A59ED3A2BDBC72900F6A501 /* metal-transformerTests */ = {
			isa = PBXGroup;
			children = (
				2A59ED3B2BDBC72900F6A501 /* metal_transformerTests.swift */,
			);
			path = "metal-transformerTests";
			sourceTree = "<group>";
		};
		2A59ED442BDBC72900F6A501 /* metal-transformerUITests */ = {
			isa = PBXGroup;
			children = (
				2A59ED452BDBC72900F6A501 /* metal_transformerUITests.swift */,
				2A59ED472BDBC72900F6A501 /* metal_transformerUITestsLaunchTests.swift */,
			);
			path = "metal-transformerUITests";
			sourceTree = "<group>";
		};
/* End PBXGroup section */

/* Begin PBXNativeTarget section */
		2A59ED252BDBC72800F6A501 /* metal-transformer */ = {
			isa = PBXNativeTarget;
			buildConfigurationList = 2A59ED4B2BDBC72900F6A501 /* Build configuration list for PBXNativeTarget "metal-transformer" */;
			buildPhases = (
				2A59ED222BDBC72800F6A501 /* Sources */,
				2A59ED232BDBC72800F6A501 /* Frameworks */,
				2A59ED242BDBC72800F6A501 /* Resources */,
			);
			buildRules = (
			);
			dependencies = (
			);
			name = "metal-transformer";
			packageProductDependencies = (
				2A59ED552BDBC98F00F6A501 /* Matft */,
			);
			productName = "metal-transformer";
			productReference = 2A59ED262BDBC72800F6A501 /* metal-transformer.app */;
			productType = "com.apple.product-type.application";
		};
		2A59ED362BDBC72900F6A501 /* metal-transformerTests */ = {
			isa = PBXNativeTarget;
			buildConfigurationList = 2A59ED4E2BDBC72900F6A501 /* Build configuration list for PBXNativeTarget "metal-transformerTests" */;
			buildPhases = (
				2A59ED332BDBC72900F6A501 /* Sources */,
				2A59ED342BDBC72900F6A501 /* Frameworks */,
				2A59ED352BDBC72900F6A501 /* Resources */,
			);
			buildRules = (
			);
			dependencies = (
				2A59ED392BDBC72900F6A501 /* PBXTargetDependency */,
			);
			name = "metal-transformerTests";
			productName = "metal-transformerTests";
			productReference = 2A59ED372BDBC72900F6A501 /* metal-transformerTests.xctest */;
			productType = "com.apple.product-type.bundle.unit-test";
		};
		2A59ED402BDBC72900F6A501 /* metal-transformerUITests */ = {
			isa = PBXNativeTarget;
			buildConfigurationList = 2A59ED512BDBC72900F6A501 /* Build configuration list for PBXNativeTarget "metal-transformerUITests" */;
			buildPhases = (
				2A59ED3D2BDBC72900F6A501 /* Sources */,
				2A59ED3E2BDBC72900F6A501 /* Frameworks */,
				2A59ED3F2BDBC72900F6A501 /* Resources */,
			);
			buildRules = (
			);
			dependencies = (
				2A59ED432BDBC72900F6A501 /* PBXTargetDependency */,
			);
			name = "metal-transformerUITests";
			productName = "metal-transformerUITests";
			productReference = 2A59ED412BDBC72900F6A501 /* metal-transformerUITests.xctest */;
			productType = "com.apple.product-type.bundle.ui-testing";
		};
/* End PBXNativeTarget section */

/* Begin PBXProject section */
		2A59ED1E2BDBC72800F6A501 /* Project object */ = {
			isa = PBXProject;
			attributes = {
				BuildIndependentTargetsInParallel = 1;
				LastSwiftUpdateCheck = 1530;
				LastUpgradeCheck = 1530;
				TargetAttributes = {
					2A59ED252BDBC72800F6A501 = {
						CreatedOnToolsVersion = 15.3;
					};
					2A59ED362BDBC72900F6A501 = {
						CreatedOnToolsVersion = 15.3;
						TestTargetID = 2A59ED252BDBC72800F6A501;
					};
					2A59ED402BDBC72900F6A501 = {
						CreatedOnToolsVersion = 15.3;
						TestTargetID = 2A59ED252BDBC72800F6A501;
					};
				};
			};
			buildConfigurationList = 2A59ED212BDBC72800F6A501 /* Build configuration list for PBXProject "metal-transformer" */;
			compatibilityVersion = "Xcode 14.0";
			developmentRegion = en;
			hasScannedForEncodings = 0;
			knownRegions = (
				en,
				Base,
			);
			mainGroup = 2A59ED1D2BDBC72800F6A501;
			packageReferences = (
				2A59ED542BDBC98F00F6A501 /* XCRemoteSwiftPackageReference "Matft" */,
			);
			productRefGroup = 2A59ED272BDBC72800F6A501 /* Products */;
			projectDirPath = "";
			projectRoot = "";
			targets = (
				2A59ED252BDBC72800F6A501 /* metal-transformer */,
				2A59ED362BDBC72900F6A501 /* metal-transformerTests */,
				2A59ED402BDBC72900F6A501 /* metal-transformerUITests */,
			);
		};
/* End PBXProject section */

/* Begin PBXResourcesBuildPhase section */
		2A59ED242BDBC72800F6A501 /* Resources */ = {
			isa = PBXResourcesBuildPhase;
			buildActionMask = 2147483647;
			files = (
				2A59ED312BDBC72900F6A501 /* Preview Assets.xcassets in Resources */,
				2A59ED2E2BDBC72900F6A501 /* Assets.xcassets in Resources */,
			);
			runOnlyForDeploymentPostprocessing = 0;
		};
		2A59ED352BDBC72900F6A501 /* Resources */ = {
			isa = PBXResourcesBuildPhase;
			buildActionMask = 2147483647;
			files = (
			);
			runOnlyForDeploymentPostprocessing = 0;
		};
		2A59ED3F2BDBC72900F6A501 /* Resources */ = {
			isa = PBXResourcesBuildPhase;
			buildActionMask = 2147483647;
			files = (
			);
			runOnlyForDeploymentPostprocessing = 0;
		};
/* End PBXResourcesBuildPhase section */

/* Begin PBXSourcesBuildPhase section */
		2A59ED222BDBC72800F6A501 /* Sources */ = {
			isa = PBXSourcesBuildPhase;
			buildActionMask = 2147483647;
			files = (
				2A59ED2C2BDBC72800F6A501 /* ContentView.swift in Sources */,
				2A59ED2A2BDBC72800F6A501 /* metal_transformerApp.swift in Sources */,
			);
			runOnlyForDeploymentPostprocessing = 0;
		};
		2A59ED332BDBC72900F6A501 /* Sources */ = {
			isa = PBXSourcesBuildPhase;
			buildActionMask = 2147483647;
			files = (
				2A59ED3C2BDBC72900F6A501 /* metal_transformerTests.swift in Sources */,
			);
			runOnlyForDeploymentPostprocessing = 0;
		};
		2A59ED3D2BDBC72900F6A501 /* Sources */ = {
			isa = PBXSourcesBuildPhase;
			buildActionMask = 2147483647;
			files = (
				2A59ED482BDBC72900F6A501 /* metal_transformerUITestsLaunchTests.swift in Sources */,
				2A59ED462BDBC72900F6A501 /* metal_transformerUITests.swift in Sources */,
			);
			runOnlyForDeploymentPostprocessing = 0;
		};
/* End PBXSourcesBuildPhase section */

/* Begin PBXTargetDependency section */
		2A59ED392BDBC72900F6A501 /* PBXTargetDependency */ = {
			isa = PBXTargetDependency;
			target = 2A59ED252BDBC72800F6A501 /* metal-transformer */;
			targetProxy = 2A59ED382BDBC72900F6A501 /* PBXContainerItemProxy */;
		};
		2A59ED432BDBC72900F6A501 /* PBXTargetDependency */ = {
			isa = PBXTargetDependency;
			target = 2A59ED252BDBC72800F6A501 /* metal-transformer */;
			targetProxy = 2A59ED422BDBC72900F6A501 /* PBXContainerItemProxy */;
		};
/* End PBXTargetDependency section */

/* Begin XCBuildConfiguration section */
		2A59ED492BDBC72900F6A501 /* Debug */ = {
			isa = XCBuildConfiguration;
			buildSettings = {
				ALWAYS_SEARCH_USER_PATHS = NO;
				ASSETCATALOG_COMPILER_GENERATE_SWIFT_ASSET_SYMBOL_EXTENSIONS = YES;
				CLANG_ANALYZER_NONNULL = YES;
				CLANG_ANALYZER_NUMBER_OBJECT_CONVERSION = YES_AGGRESSIVE;
				CLANG_CXX_LANGUAGE_STANDARD = "gnu++20";
				CLANG_ENABLE_MODULES = YES;
				CLANG_ENABLE_OBJC_ARC = YES;
				CLANG_ENABLE_OBJC_WEAK = YES;
				CLANG_WARN_BLOCK_CAPTURE_AUTORELEASING = YES;
				CLANG_WARN_BOOL_CONVERSION = YES;
				CLANG_WARN_COMMA = YES;
				CLANG_WARN_CONSTANT_CONVERSION = YES;
				CLANG_WARN_DEPRECATED_OBJC_IMPLEMENTATIONS = YES;
				CLANG_WARN_DIRECT_OBJC_ISA_USAGE = YES_ERROR;
				CLANG_WARN_DOCUMENTATION_COMMENTS = YES;
				CLANG_WARN_EMPTY_BODY = YES;
				CLANG_WARN_ENUM_CONVERSION = YES;
				CLANG_WARN_INFINITE_RECURSION = YES;
				CLANG_WARN_INT_CONVERSION = YES;
				CLANG_WARN_NON_LITERAL_NULL_CONVERSION = YES;
				CLANG_WARN_OBJC_IMPLICIT_RETAIN_SELF = YES;
				CLANG_WARN_OBJC_LITERAL_CONVERSION = YES;
				CLANG_WARN_OBJC_ROOT_CLASS = YES_ERROR;
				CLANG_WARN_QUOTED_INCLUDE_IN_FRAMEWORK_HEADER = YES;
				CLANG_WARN_RANGE_LOOP_ANALYSIS = YES;
				CLANG_WARN_STRICT_PROTOTYPES = YES;
				CLANG_WARN_SUSPICIOUS_MOVE = YES;
				CLANG_WARN_UNGUARDED_AVAILABILITY = YES_AGGRESSIVE;
				CLANG_WARN_UNREACHABLE_CODE = YES;
				CLANG_WARN__DUPLICATE_METHOD_MATCH = YES;
				COPY_PHASE_STRIP = NO;
				DEBUG_INFORMATION_FORMAT = dwarf;
				ENABLE_STRICT_OBJC_MSGSEND = YES;
				ENABLE_TESTABILITY = YES;
				ENABLE_USER_SCRIPT_SANDBOXING = YES;
				GCC_C_LANGUAGE_STANDARD = gnu17;
				GCC_DYNAMIC_NO_PIC = NO;
				GCC_NO_COMMON_BLOCKS = YES;
				GCC_OPTIMIZATION_LEVEL = 0;
				GCC_PREPROCESSOR_DEFINITIONS = (
					"DEBUG=1",
					"$(inherited)",
				);
				GCC_WARN_64_TO_32_BIT_CONVERSION = YES;
				GCC_WARN_ABOUT_RETURN_TYPE = YES_ERROR;
				GCC_WARN_UNDECLARED_SELECTOR = YES;
				GCC_WARN_UNINITIALIZED_AUTOS = YES_AGGRESSIVE;
				GCC_WARN_UNUSED_FUNCTION = YES;
				GCC_WARN_UNUSED_VARIABLE = YES;
				LOCALIZATION_PREFERS_STRING_CATALOGS = YES;
				MACOSX_DEPLOYMENT_TARGET = 14.4;
				MTL_ENABLE_DEBUG_INFO = INCLUDE_SOURCE;
				MTL_FAST_MATH = YES;
				ONLY_ACTIVE_ARCH = YES;
				SDKROOT = macosx;
				SWIFT_ACTIVE_COMPILATION_CONDITIONS = "DEBUG $(inherited)";
				SWIFT_OPTIMIZATION_LEVEL = "-Onone";
			};
			name = Debug;
		};
		2A59ED4A2BDBC72900F6A501 /* Release */ = {
			isa = XCBuildConfiguration;
			buildSettings = {
				ALWAYS_SEARCH_USER_PATHS = NO;
				ASSETCATALOG_COMPILER_GENERATE_SWIFT_ASSET_SYMBOL_EXTENSIONS = YES;
				CLANG_ANALYZER_NONNULL = YES;
				CLANG_ANALYZER_NUMBER_OBJECT_CONVERSION = YES_AGGRESSIVE;
				CLANG_CXX_LANGUAGE_STANDARD = "gnu++20";
				CLANG_ENABLE_MODULES = YES;
				CLANG_ENABLE_OBJC_ARC = YES;
				CLANG_ENABLE_OBJC_WEAK = YES;
				CLANG_WARN_BLOCK_CAPTURE_AUTORELEASING = YES;
				CLANG_WARN_BOOL_CONVERSION = YES;
				CLANG_WARN_COMMA = YES;
				CLANG_WARN_CONSTANT_CONVERSION = YES;
				CLANG_WARN_DEPRECATED_OBJC_IMPLEMENTATIONS = YES;
				CLANG_WARN_DIRECT_OBJC_ISA_USAGE = YES_ERROR;
				CLANG_WARN_DOCUMENTATION_COMMENTS = YES;
				CLANG_WARN_EMPTY_BODY = YES;
				CLANG_WARN_ENUM_CONVERSION = YES;
				CLANG_WARN_INFINITE_RECURSION = YES;
				CLANG_WARN_INT_CONVERSION = YES;
				CLANG_WARN_NON_LITERAL_NULL_CONVERSION = YES;
				CLANG_WARN_OBJC_IMPLICIT_RETAIN_SELF = YES;
				CLANG_WARN_OBJC_LITERAL_CONVERSION = YES;
				CLANG_WARN_OBJC_ROOT_CLASS = YES_ERROR;
				CLANG_WARN_QUOTED_INCLUDE_IN_FRAMEWORK_HEADER = YES;
				CLANG_WARN_RANGE_LOOP_ANALYSIS = YES;
				CLANG_WARN_STRICT_PROTOTYPES = YES;
				CLANG_WARN_SUSPICIOUS_MOVE = YES;
				CLANG_WARN_UNGUARDED_AVAILABILITY = YES_AGGRESSIVE;
				CLANG_WARN_UNREACHABLE_CODE = YES;
				CLANG_WARN__DUPLICATE_METHOD_MATCH = YES;
				COPY_PHASE_STRIP = NO;
				DEBUG_INFORMATION_FORMAT = "dwarf-with-dsym";
				ENABLE_NS_ASSERTIONS = NO;
				ENABLE_STRICT_OBJC_MSGSEND = YES;
				ENABLE_USER_SCRIPT_SANDBOXING = YES;
				GCC_C_LANGUAGE_STANDARD = gnu17;
				GCC_NO_COMMON_BLOCKS = YES;
				GCC_WARN_64_TO_32_BIT_CONVERSION = YES;
				GCC_WARN_ABOUT_RETURN_TYPE = YES_ERROR;
				GCC_WARN_UNDECLARED_SELECTOR = YES;
				GCC_WARN_UNINITIALIZED_AUTOS = YES_AGGRESSIVE;
				GCC_WARN_UNUSED_FUNCTION = YES;
				GCC_WARN_UNUSED_VARIABLE = YES;
				LOCALIZATION_PREFERS_STRING_CATALOGS = YES;
				MACOSX_DEPLOYMENT_TARGET = 14.4;
				MTL_ENABLE_DEBUG_INFO = NO;
				MTL_FAST_MATH = YES;
				SDKROOT = macosx;
				SWIFT_COMPILATION_MODE = wholemodule;
			};
			name = Release;
		};
		2A59ED4C2BDBC72900F6A501 /* Debug */ = {
			isa = XCBuildConfiguration;
			buildSettings = {
				ASSETCATALOG_COMPILER_APPICON_NAME = AppIcon;
				ASSETCATALOG_COMPILER_GLOBAL_ACCENT_COLOR_NAME = AccentColor;
				CODE_SIGN_ENTITLEMENTS = "metal-transformer/metal_transformer.entitlements";
				CODE_SIGN_STYLE = Automatic;
				COMBINE_HIDPI_IMAGES = YES;
				CURRENT_PROJECT_VERSION = 1;
				DEVELOPMENT_ASSET_PATHS = "\"metal-transformer/Preview Content\"";
				DEVELOPMENT_TEAM = MK2V998W66;
				ENABLE_HARDENED_RUNTIME = YES;
				ENABLE_PREVIEWS = YES;
				GENERATE_INFOPLIST_FILE = YES;
				INFOPLIST_KEY_NSHumanReadableCopyright = "";
				LD_RUNPATH_SEARCH_PATHS = (
					"$(inherited)",
					"@executable_path/../Frameworks",
				);
				MARKETING_VERSION = 1.0;
				PRODUCT_BUNDLE_IDENTIFIER = "com.aryamirsepasi.metal-transformer";
				PRODUCT_NAME = "$(TARGET_NAME)";
				SWIFT_EMIT_LOC_STRINGS = YES;
				SWIFT_VERSION = 5.0;
			};
			name = Debug;
		};
		2A59ED4D2BDBC72900F6A501 /* Release */ = {
			isa = XCBuildConfiguration;
			buildSettings = {
				ASSETCATALOG_COMPILER_APPICON_NAME = AppIcon;
				ASSETCATALOG_COMPILER_GLOBAL_ACCENT_COLOR_NAME = AccentColor;
				CODE_SIGN_ENTITLEMENTS = "metal-transformer/metal_transformer.entitlements";
				CODE_SIGN_STYLE = Automatic;
				COMBINE_HIDPI_IMAGES = YES;
				CURRENT_PROJECT_VERSION = 1;
				DEVELOPMENT_ASSET_PATHS = "\"metal-transformer/Preview Content\"";
				DEVELOPMENT_TEAM = MK2V998W66;
				ENABLE_HARDENED_RUNTIME = YES;
				ENABLE_PREVIEWS = YES;
				GENERATE_INFOPLIST_FILE = YES;
				INFOPLIST_KEY_NSHumanReadableCopyright = "";
				LD_RUNPATH_SEARCH_PATHS = (
					"$(inherited)",
					"@executable_path/../Frameworks",
				);
				MARKETING_VERSION = 1.0;
				PRODUCT_BUNDLE_IDENTIFIER = "com.aryamirsepasi.metal-transformer";
				PRODUCT_NAME = "$(TARGET_NAME)";
				SWIFT_EMIT_LOC_STRINGS = YES;
				SWIFT_VERSION = 5.0;
			};
			name = Release;
		};
		2A59ED4F2BDBC72900F6A501 /* Debug */ = {
			isa = XCBuildConfiguration;
			buildSettings = {
				ALWAYS_EMBED_SWIFT_STANDARD_LIBRARIES = YES;
				BUNDLE_LOADER = "$(TEST_HOST)";
				CODE_SIGN_STYLE = Automatic;
				CURRENT_PROJECT_VERSION = 1;
				DEVELOPMENT_TEAM = MK2V998W66;
				GENERATE_INFOPLIST_FILE = YES;
				MACOSX_DEPLOYMENT_TARGET = 14.4;
				MARKETING_VERSION = 1.0;
				PRODUCT_BUNDLE_IDENTIFIER = "com.aryamirsepasi.metal-transformerTests";
				PRODUCT_NAME = "$(TARGET_NAME)";
				SWIFT_EMIT_LOC_STRINGS = NO;
				SWIFT_VERSION = 5.0;
				TEST_HOST = "$(BUILT_PRODUCTS_DIR)/metal-transformer.app/$(BUNDLE_EXECUTABLE_FOLDER_PATH)/metal-transformer";
			};
			name = Debug;
		};
		2A59ED502BDBC72900F6A501 /* Release */ = {
			isa = XCBuildConfiguration;
			buildSettings = {
				ALWAYS_EMBED_SWIFT_STANDARD_LIBRARIES = YES;
				BUNDLE_LOADER = "$(TEST_HOST)";
				CODE_SIGN_STYLE = Automatic;
				CURRENT_PROJECT_VERSION = 1;
				DEVELOPMENT_TEAM = MK2V998W66;
				GENERATE_INFOPLIST_FILE = YES;
				MACOSX_DEPLOYMENT_TARGET = 14.4;
				MARKETING_VERSION = 1.0;
				PRODUCT_BUNDLE_IDENTIFIER = "com.aryamirsepasi.metal-transformerTests";
				PRODUCT_NAME = "$(TARGET_NAME)";
				SWIFT_EMIT_LOC_STRINGS = NO;
				SWIFT_VERSION = 5.0;
				TEST_HOST = "$(BUILT_PRODUCTS_DIR)/metal-transformer.app/$(BUNDLE_EXECUTABLE_FOLDER_PATH)/metal-transformer";
			};
			name = Release;
		};
		2A59ED522BDBC72900F6A501 /* Debug */ = {
			isa = XCBuildConfiguration;
			buildSettings = {
				ALWAYS_EMBED_SWIFT_STANDARD_LIBRARIES = YES;
				CODE_SIGN_STYLE = Automatic;
				CURRENT_PROJECT_VERSION = 1;
				DEVELOPMENT_TEAM = MK2V998W66;
				GENERATE_INFOPLIST_FILE = YES;
				MARKETING_VERSION = 1.0;
				PRODUCT_BUNDLE_IDENTIFIER = "com.aryamirsepasi.metal-transformerUITests";
				PRODUCT_NAME = "$(TARGET_NAME)";
				SWIFT_EMIT_LOC_STRINGS = NO;
				SWIFT_VERSION = 5.0;
				TEST_TARGET_NAME = "metal-transformer";
			};
			name = Debug;
		};
		2A59ED532BDBC72900F6A501 /* Release */ = {
			isa = XCBuildConfiguration;
			buildSettings = {
				ALWAYS_EMBED_SWIFT_STANDARD_LIBRARIES = YES;
				CODE_SIGN_STYLE = Automatic;
				CURRENT_PROJECT_VERSION = 1;
				DEVELOPMENT_TEAM = MK2V998W66;
				GENERATE_INFOPLIST_FILE = YES;
				MARKETING_VERSION = 1.0;
				PRODUCT_BUNDLE_IDENTIFIER = "com.aryamirsepasi.metal-transformerUITests";
				PRODUCT_NAME = "$(TARGET_NAME)";
				SWIFT_EMIT_LOC_STRINGS = NO;
				SWIFT_VERSION = 5.0;
				TEST_TARGET_NAME = "metal-transformer";
			};
			name = Release;
		};
/* End XCBuildConfiguration section */

/* Begin XCConfigurationList section */
		2A59ED212BDBC72800F6A501 /* Build configuration list for PBXProject "metal-transformer" */ = {
			isa = XCConfigurationList;
			buildConfigurations = (
				2A59ED492BDBC72900F6A501 /* Debug */,
				2A59ED4A2BDBC72900F6A501 /* Release */,
			);
			defaultConfigurationIsVisible = 0;
			defaultConfigurationName = Release;
		};
		2A59ED4B2BDBC72900F6A501 /* Build configuration list for PBXNativeTarget "metal-transformer" */ = {
			isa = XCConfigurationList;
			buildConfigurations = (
				2A59ED4C2BDBC72900F6A501 /* Debug */,
				2A59ED4D2BDBC72900F6A501 /* Release */,
			);
			defaultConfigurationIsVisible = 0;
			defaultConfigurationName = Release;
		};
		2A59ED4E2BDBC72900F6A501 /* Build configuration list for PBXNativeTarget "metal-transformerTests" */ = {
			isa = XCConfigurationList;
			buildConfigurations = (
				2A59ED4F2BDBC72900F6A501 /* Debug */,
				2A59ED502BDBC72900F6A501 /* Release */,
			);
			defaultConfigurationIsVisible = 0;
			defaultConfigurationName = Release;
		};
		2A59ED512BDBC72900F6A501 /* Build configuration list for PBXNativeTarget "metal-transformerUITests" */ = {
			isa = XCConfigurationList;
			buildConfigurations = (
				2A59ED522BDBC72900F6A501 /* Debug */,
				2A59ED532BDBC72900F6A501 /* Release */,
			);
			defaultConfigurationIsVisible = 0;
			defaultConfigurationName = Release;
		};
/* End XCConfigurationList section */

/* Begin XCRemoteSwiftPackageReference section */
		2A59ED542BDBC98F00F6A501 /* XCRemoteSwiftPackageReference "Matft" */ = {
			isa = XCRemoteSwiftPackageReference;
			repositoryURL = "https://github.com/jjjkkkjjj/Matft";
			requirement = {
				kind = upToNextMajorVersion;
				minimumVersion = 0.3.3;
			};
		};
/* End XCRemoteSwiftPackageReference section */

/* Begin XCSwiftPackageProductDependency section */
		2A59ED552BDBC98F00F6A501 /* Matft */ = {
			isa = XCSwiftPackageProductDependency;
			package = 2A59ED542BDBC98F00F6A501 /* XCRemoteSwiftPackageReference "Matft" */;
			productName = Matft;
		};
/* End XCSwiftPackageProductDependency section */
	};
	rootObject = 2A59ED1E2BDBC72800F6A501 /* Project object */;
}
