{
  "originHash" : "fdde58ab333a9d8b3f7b8fe20dd38e9ed343252a4da341cbf1c97b5cdea95449",
  "pins" : [
    {
      "identity" : "matft",
      "kind" : "remoteSourceControl",
      "location" : "https://github.com/jjjkkkjjj/Matft",
      "state" : {
        "revision" : "4436f8664ede5cbfd6c72e1d35c4c0cdd24ef813",
        "version" : "0.3.3"
      }
    },
    {
      "identity" : "swift-collections",
      "kind" : "remoteSourceControl",
      "location" : "https://github.com/apple/swift-collections",
      "state" : {
        "revision" : "94cf62b3ba8d4bed62680a282d4c25f9c63c2efb",
        "version" : "1.1.0"
      }
    }
  ],
  "version" : 3
}
